PODS:
  - HungryTools (1.4.0):
    - HungryTools/Category (= 1.4.0)
    - HungryTools/Macro (= 1.4.0)
    - HungryTools/ZHCTextField (= 1.4.0)
    - HungryTools/ZHCWebViewController (= 1.4.0)
    - Masonry
  - HungryTools/Category (1.4.0):
    - Masonry
  - HungryTools/Macro (1.4.0):
    - Masonry
  - HungryTools/ZHCTextField (1.4.0):
    - Masonry
  - HungryTools/ZHCWebViewController (1.4.0):
    - Masonry
  - Masonry (1.1.0)

DEPENDENCIES:
  - HungryTools (from `../`)

SPEC REPOS:
  trunk:
    - Masonry

EXTERNAL SOURCES:
  HungryTools:
    :path: "../"

SPEC CHECKSUMS:
  HungryTools: 3577dc3bcd9277c800f9daab7d6d9b12e838b299
  Masonry: 678fab65091a9290e40e2832a55e7ab731aad201

PODFILE CHECKSUM: 5340dbf42eb4197de0542e66ec645db066d25b19

COCOAPODS: 1.8.4
