PODS:
  - HungryTools (1.3.6):
    - HungryTools/Category (= 1.3.6)
    - HungryTools/Macro (= 1.3.6)
    - HungryTools/ZHCTextField (= 1.3.6)
    - HungryTools/ZHCWebViewController (= 1.3.6)
    - Masonry
  - HungryTools/Category (1.3.6):
    - Masonry
  - HungryTools/Macro (1.3.6):
    - Masonry
  - HungryTools/ZHCTextField (1.3.6):
    - HungryTools/Category
    - Masonry
  - HungryTools/ZHCWebViewController (1.3.6):
    - Masonry
  - Masonry (1.1.0)

DEPENDENCIES:
  - HungryTools (from `../`)

SPEC REPOS:
  trunk:
    - Masonry

EXTERNAL SOURCES:
  HungryTools:
    :path: "../"

SPEC CHECKSUMS:
  HungryTools: e33b36611516e52619e0fd466313b27cbe5e28eb
  Masonry: 678fab65091a9290e40e2832a55e7ab731aad201

PODFILE CHECKSUM: 6717acd8e2ced525ae3a47b120dcd8c78d736bdd

COCOAPODS: 1.8.4
